// !$*UTF8*$!
{
	archiveVersion = 1;
	classes = {
	};
	objectVersion = 46;
	objects = {

/* Begin PBXBuildFile section */
		58EC6A671DC8E53600023474 /* main.c in Sources */ = {isa = PBXBuildFile; fileRef = 58EC6A661DC8E53600023474 /* main.c */; };
		58EC6A721DC8E78F00023474 /* testc.c in CopyFiles */ = {isa = PBXBuildFile; fileRef = 58EC6A6F1DC8E69E00023474 /* testc.c */; };
/* End PBXBuildFile section */

/* Begin PBXCopyFilesBuildPhase section */
		58EC6A611DC8E53500023474 /* CopyFiles */ = {
			isa = PBXCopyFilesBuildPhase;
			buildActionMask = 12;
			dstPath = "";
			dstSubfolderSpec = 16;
			files = (
				58EC6A721DC8E78F00023474 /* testc.c in CopyFiles */,
			);
			runOnlyForDeploymentPostprocessing = 0;
		};
/* End PBXCopyFilesBuildPhase section */

/* Begin PBXFileReference section */
		58EC6A631DC8E53600023474 /* ccompiler */ = {isa = PBXFileReference; explicitFileType = "compiled.mach-o.executable"; includeInIndex = 0; path = ccompiler; sourceTree = BUILT_PRODUCTS_DIR; };
		58EC6A661DC8E53600023474 /* main.c */ = {isa = PBXFileReference; lastKnownFileType = sourcecode.c.c; path = main.c; sourceTree = "<group>"; };
		58EC6A6F1DC8E69E00023474 /* testc.c */ = {isa = PBXFileReference; fileEncoding = 4; lastKnownFileType = sourcecode.c.c; path = testc.c; sourceTree = "<group>"; };
/* End PBXFileReference section */

/* Begin PBXFrameworksBuildPhase section */
		58EC6A601DC8E53500023474 /* Frameworks */ = {
			isa = PBXFrameworksBuildPhase;
			buildActionMask = 2147483647;
			files = (
			);
			runOnlyForDeploymentPostprocessing = 0;
		};
/* End PBXFrameworksBuildPhase section */

/* Begin PBXGroup section */
		58EC6A5A1DC8E53500023474 = {
			isa = PBXGroup;
			children = (
				58EC6A651DC8E53600023474 /* ccompiler */,
				58EC6A641DC8E53600023474 /* Products */,
			);
			sourceTree = "<group>";
		};
		58EC6A641DC8E53600023474 /* Products */ = {
			isa = PBXGroup;
			children = (
				58EC6A631DC8E53600023474 /* ccompiler */,
			);
			name = Products;
			sourceTree = "<group>";
		};
		58EC6A651DC8E53600023474 /* ccompiler */ = {
			isa = PBXGroup;
			children = (
				58EC6A6F1DC8E69E00023474 /* testc.c */,
				58EC6A661DC8E53600023474 /* main.c */,
			);
			path = ccompiler;
			sourceTree = "<group>";
		};
/* End PBXGroup section */

/* Begin PBXNativeTarget section */
		58EC6A621DC8E53500023474 /* ccompiler */ = {
			isa = PBXNativeTarget;
			buildConfigurationList = 58EC6A6A1DC8E53600023474 /* Build configuration list for PBXNativeTarget "ccompiler" */;
			buildPhases = (
				58EC6A5F1DC8E53500023474 /* Sources */,
				58EC6A601DC8E53500023474 /* Frameworks */,
				58EC6A611DC8E53500023474 /* CopyFiles */,
			);
			buildRules = (
			);
			dependencies = (
			);
			name = ccompiler;
			productName = ccompiler;
			productReference = 58EC6A631DC8E53600023474 /* ccompiler */;
			productType = "com.apple.product-type.tool";
		};
/* End PBXNativeTarget section */

/* Begin PBXProject section */
		58EC6A5B1DC8E53500023474 /* Project object */ = {
			isa = PBXProject;
			attributes = {
				LastUpgradeCheck = 0810;
				ORGANIZATIONNAME = ice;
				TargetAttributes = {
					58EC6A621DC8E53500023474 = {
						CreatedOnToolsVersion = 8.1;
						ProvisioningStyle = Automatic;
					};
				};
			};
			buildConfigurationList = 58EC6A5E1DC8E53500023474 /* Build configuration list for PBXProject "ccompiler" */;
			compatibilityVersion = "Xcode 3.2";
			developmentRegion = English;
			hasScannedForEncodings = 0;
			knownRegions = (
				en,
			);
			mainGroup = 58EC6A5A1DC8E53500023474;
			productRefGroup = 58EC6A641DC8E53600023474 /* Products */;
			projectDirPath = "";
			projectRoot = "";
			targets = (
				58EC6A621DC8E53500023474 /* ccompiler */,
			);
		};
/* End PBXProject section */

/* Begin PBXSourcesBuildPhase section */
		58EC6A5F1DC8E53500023474 /* Sources */ = {
			isa = PBXSourcesBuildPhase;
			buildActionMask = 2147483647;
			files = (
				58EC6A671DC8E53600023474 /* main.c in Sources */,
			);
			runOnlyForDeploymentPostprocessing = 0;
		};
/* End PBXSourcesBuildPhase section */

/* Begin XCBuildConfiguration section */
		58EC6A681DC8E53600023474 /* Debug */ = {
			isa = XCBuildConfiguration;
			buildSettings = {
				ALWAYS_SEARCH_USER_PATHS = NO;
				CLANG_ANALYZER_NONNULL = YES;
				CLANG_CXX_LANGUAGE_STANDARD = "gnu++0x";
				CLANG_CXX_LIBRARY = "libc++";
				CLANG_ENABLE_MODULES = YES;
				CLANG_ENABLE_OBJC_ARC = YES;
				CLANG_WARN_BOOL_CONVERSION = YES;
				CLANG_WARN_CONSTANT_CONVERSION = YES;
				CLANG_WARN_DIRECT_OBJC_ISA_USAGE = YES_ERROR;
				CLANG_WARN_DOCUMENTATION_COMMENTS = YES;
				CLANG_WARN_EMPTY_BODY = YES;
				CLANG_WARN_ENUM_CONVERSION = YES;
				CLANG_WARN_INFINITE_RECURSION = YES;
				CLANG_WARN_INT_CONVERSION = YES;
				CLANG_WARN_OBJC_ROOT_CLASS = YES_ERROR;
				CLANG_WARN_SUSPICIOUS_MOVES = YES;
				CLANG_WARN_UNREACHABLE_CODE = YES;
				CLANG_WARN__DUPLICATE_METHOD_MATCH = YES;
				CODE_SIGN_IDENTITY = "-";
				COPY_PHASE_STRIP = NO;
				DEBUG_INFORMATION_FORMAT = dwarf;
				ENABLE_STRICT_OBJC_MSGSEND = YES;
				ENABLE_TESTABILITY = YES;
				GCC_C_LANGUAGE_STANDARD = gnu99;
				GCC_DYNAMIC_NO_PIC = NO;
				GCC_NO_COMMON_BLOCKS = YES;
				GCC_OPTIMIZATION_LEVEL = 0;
				GCC_PREPROCESSOR_DEFINITIONS = (
					"DEBUG=1",
					"$(inherited)",
				);
				GCC_WARN_64_TO_32_BIT_CONVERSION = YES;
				GCC_WARN_ABOUT_RETURN_TYPE = YES_ERROR;
				GCC_WARN_UNDECLARED_SELECTOR = YES;
				GCC_WARN_UNINITIALIZED_AUTOS = YES_AGGRESSIVE;
				GCC_WARN_UNUSED_FUNCTION = YES;
				GCC_WARN_UNUSED_VARIABLE = YES;
				MACOSX_DEPLOYMENT_TARGET = 10.12;
				MTL_ENABLE_DEBUG_INFO = YES;
				ONLY_ACTIVE_ARCH = YES;
				SDKROOT = macosx;
			};
			name = Debug;
		};
		58EC6A691DC8E53600023474 /* Release */ = {
			isa = XCBuildConfiguration;
			buildSettings = {
				ALWAYS_SEARCH_USER_PATHS = NO;
				CLANG_ANALYZER_NONNULL = YES;
				CLANG_CXX_LANGUAGE_STANDARD = "gnu++0x";
				CLANG_CXX_LIBRARY = "libc++";
				CLANG_ENABLE_MODULES = YES;
				CLANG_ENABLE_OBJC_ARC = YES;
				CLANG_WARN_BOOL_CONVERSION = YES;
				CLANG_WARN_CONSTANT_CONVERSION = YES;
				CLANG_WARN_DIRECT_OBJC_ISA_USAGE = YES_ERROR;
				CLANG_WARN_DOCUMENTATION_COMMENTS = YES;
				CLANG_WARN_EMPTY_BODY = YES;
				CLANG_WARN_ENUM_CONVERSION = YES;
				CLANG_WARN_INFINITE_RECURSION = YES;
				CLANG_WARN_INT_CONVERSION = YES;
				CLANG_WARN_OBJC_ROOT_CLASS = YES_ERROR;
				CLANG_WARN_SUSPICIOUS_MOVES = YES;
				CLANG_WARN_UNREACHABLE_CODE = YES;
				CLANG_WARN__DUPLICATE_METHOD_MATCH = YES;
				CODE_SIGN_IDENTITY = "-";
				COPY_PHASE_STRIP = NO;
				DEBUG_INFORMATION_FORMAT = "dwarf-with-dsym";
				ENABLE_NS_ASSERTIONS = NO;
				ENABLE_STRICT_OBJC_MSGSEND = YES;
				GCC_C_LANGUAGE_STANDARD = gnu99;
				GCC_NO_COMMON_BLOCKS = YES;
				GCC_WARN_64_TO_32_BIT_CONVERSION = YES;
				GCC_WARN_ABOUT_RETURN_TYPE = YES_ERROR;
				GCC_WARN_UNDECLARED_SELECTOR = YES;
				GCC_WARN_UNINITIALIZED_AUTOS = YES_AGGRESSIVE;
				GCC_WARN_UNUSED_FUNCTION = YES;
				GCC_WARN_UNUSED_VARIABLE = YES;
				MACOSX_DEPLOYMENT_TARGET = 10.12;
				MTL_ENABLE_DEBUG_INFO = NO;
				SDKROOT = macosx;
			};
			name = Release;
		};
		58EC6A6B1DC8E53600023474 /* Debug */ = {
			isa = XCBuildConfiguration;
			buildSettings = {
				PRODUCT_NAME = "$(TARGET_NAME)";
			};
			name = Debug;
		};
		58EC6A6C1DC8E53600023474 /* Release */ = {
			isa = XCBuildConfiguration;
			buildSettings = {
				PRODUCT_NAME = "$(TARGET_NAME)";
			};
			name = Release;
		};
/* End XCBuildConfiguration section */

/* Begin XCConfigurationList section */
		58EC6A5E1DC8E53500023474 /* Build configuration list for PBXProject "ccompiler" */ = {
			isa = XCConfigurationList;
			buildConfigurations = (
				58EC6A681DC8E53600023474 /* Debug */,
				58EC6A691DC8E53600023474 /* Release */,
			);
			defaultConfigurationIsVisible = 0;
			defaultConfigurationName = Release;
		};
		58EC6A6A1DC8E53600023474 /* Build configuration list for PBXNativeTarget "ccompiler" */ = {
			isa = XCConfigurationList;
			buildConfigurations = (
				58EC6A6B1DC8E53600023474 /* Debug */,
				58EC6A6C1DC8E53600023474 /* Release */,
			);
			defaultConfigurationIsVisible = 0;
		};
/* End XCConfigurationList section */
	};
	rootObject = 58EC6A5B1DC8E53500023474 /* Project object */;
}
